
Microsoft Visual Studio Solution File, Format Version 12.00
# Visual Studio Version 16
VisualStudioVersion = 16.0.29806.167
MinimumVisualStudioVersion = 10.0.40219.1
Project("{F184B08F-C81C-45F6-A57F-5ABD9991F28F}") = "Service", "Service\Service.vbproj", "{A34AE431-FED5-48A7-AC75-463ADD8B6072}"
EndProject
Global
	GlobalSection(SolutionConfigurationPlatforms) = preSolution
		Debug|Any CPU = Debug|Any CPU
		Release|Any CPU = Release|Any CPU
	EndGlobalSection
	GlobalSection(ProjectConfigurationPlatforms) = postSolution
		{A34AE431-FED5-48A7-AC75-463ADD8B6072}.Debug|Any CPU.ActiveCfg = Debug|Any CPU
		{A34AE431-FED5-48A7-AC75-463ADD8B6072}.Debug|Any CPU.Build.0 = Debug|Any CPU
		{A34AE431-FED5-48A7-AC75-463ADD8B6072}.Release|Any CPU.ActiveCfg = Release|Any CPU
		{A34AE431-FED5-48A7-AC75-463ADD8B6072}.Release|Any CPU.Build.0 = Release|Any CPU
	EndGlobalSection
	GlobalSection(SolutionProperties) = preSolution
		HideSolutionNode = FALSE
	EndGlobalSection
	GlobalSection(ExtensibilityGlobals) = postSolution
		SolutionGuid = {64C4EE73-1888-4BB3-8F52-CE6C45A4F6DE}
	EndGlobalSection
EndGlobal
