
Microsoft Visual Studio Solution File, Format Version 12.00
# Visual Studio Version 16
VisualStudioVersion = 16.0.29806.167
MinimumVisualStudioVersion = 10.0.40219.1
Project("{F184B08F-C81C-45F6-A57F-5ABD9991F28F}") = "Service", "Service\Service.vbproj", "{A34AE431-FED5-48A7-AC75-463ADD8B6072}"
EndProject
Project("{8BC9CEB8-8B4A-11D0-8D11-00A0C91BC942}") = "ServiceMessages", "ServiceMessages\ServiceMessages.vcxproj", "{D4B317FD-03AA-4C88-BCD1-28B9B3E06D94}"
EndProject
Project("{930C7802-8A8C-48F9-8165-68863BCCD9DD}") = "Setup", "Setup\Setup.wixproj", "{8B3DF2B9-F938-4930-BDBF-042A7DA2E4AD}"
EndProject
Global
	GlobalSection(SolutionConfigurationPlatforms) = preSolution
		Debug|Any CPU = Debug|Any CPU
		Debug|x64 = Debug|x64
		Debug|x86 = Debug|x86
		Release|Any CPU = Release|Any CPU
		Release|x64 = Release|x64
		Release|x86 = Release|x86
	EndGlobalSection
	GlobalSection(ProjectConfigurationPlatforms) = postSolution
		{A34AE431-FED5-48A7-AC75-463ADD8B6072}.Debug|Any CPU.ActiveCfg = Debug|Any CPU
		{A34AE431-FED5-48A7-AC75-463ADD8B6072}.Debug|Any CPU.Build.0 = Debug|Any CPU
		{A34AE431-FED5-48A7-AC75-463ADD8B6072}.Debug|x64.ActiveCfg = Debug|Any CPU
		{A34AE431-FED5-48A7-AC75-463ADD8B6072}.Debug|x64.Build.0 = Debug|Any CPU
		{A34AE431-FED5-48A7-AC75-463ADD8B6072}.Debug|x86.ActiveCfg = Debug|Any CPU
		{A34AE431-FED5-48A7-AC75-463ADD8B6072}.Debug|x86.Build.0 = Debug|Any CPU
		{A34AE431-FED5-48A7-AC75-463ADD8B6072}.Release|Any CPU.ActiveCfg = Release|Any CPU
		{A34AE431-FED5-48A7-AC75-463ADD8B6072}.Release|Any CPU.Build.0 = Release|Any CPU
		{A34AE431-FED5-48A7-AC75-463ADD8B6072}.Release|x64.ActiveCfg = Release|Any CPU
		{A34AE431-FED5-48A7-AC75-463ADD8B6072}.Release|x64.Build.0 = Release|Any CPU
		{A34AE431-FED5-48A7-AC75-463ADD8B6072}.Release|x86.ActiveCfg = Release|Any CPU
		{A34AE431-FED5-48A7-AC75-463ADD8B6072}.Release|x86.Build.0 = Release|Any CPU
		{D4B317FD-03AA-4C88-BCD1-28B9B3E06D94}.Debug|Any CPU.ActiveCfg = Debug|Win32
		{D4B317FD-03AA-4C88-BCD1-28B9B3E06D94}.Debug|Any CPU.Build.0 = Debug|Win32
		{D4B317FD-03AA-4C88-BCD1-28B9B3E06D94}.Debug|x64.ActiveCfg = Debug|x64
		{D4B317FD-03AA-4C88-BCD1-28B9B3E06D94}.Debug|x64.Build.0 = Debug|x64
		{D4B317FD-03AA-4C88-BCD1-28B9B3E06D94}.Debug|x86.ActiveCfg = Debug|Win32
		{D4B317FD-03AA-4C88-BCD1-28B9B3E06D94}.Debug|x86.Build.0 = Debug|Win32
		{D4B317FD-03AA-4C88-BCD1-28B9B3E06D94}.Release|Any CPU.ActiveCfg = Release|Win32
		{D4B317FD-03AA-4C88-BCD1-28B9B3E06D94}.Release|Any CPU.Build.0 = Release|Win32
		{D4B317FD-03AA-4C88-BCD1-28B9B3E06D94}.Release|x64.ActiveCfg = Release|x64
		{D4B317FD-03AA-4C88-BCD1-28B9B3E06D94}.Release|x64.Build.0 = Release|x64
		{D4B317FD-03AA-4C88-BCD1-28B9B3E06D94}.Release|x86.ActiveCfg = Release|Win32
		{D4B317FD-03AA-4C88-BCD1-28B9B3E06D94}.Release|x86.Build.0 = Release|Win32
		{8B3DF2B9-F938-4930-BDBF-042A7DA2E4AD}.Debug|Any CPU.ActiveCfg = Debug|x86
		{8B3DF2B9-F938-4930-BDBF-042A7DA2E4AD}.Debug|x64.ActiveCfg = Debug|x86
		{8B3DF2B9-F938-4930-BDBF-042A7DA2E4AD}.Debug|x86.ActiveCfg = Debug|x86
		{8B3DF2B9-F938-4930-BDBF-042A7DA2E4AD}.Debug|x86.Build.0 = Debug|x86
		{8B3DF2B9-F938-4930-BDBF-042A7DA2E4AD}.Release|Any CPU.ActiveCfg = Release|x86
		{8B3DF2B9-F938-4930-BDBF-042A7DA2E4AD}.Release|Any CPU.Build.0 = Release|x86
		{8B3DF2B9-F938-4930-BDBF-042A7DA2E4AD}.Release|x64.ActiveCfg = Release|x86
		{8B3DF2B9-F938-4930-BDBF-042A7DA2E4AD}.Release|x86.ActiveCfg = Release|x86
		{8B3DF2B9-F938-4930-BDBF-042A7DA2E4AD}.Release|x86.Build.0 = Release|x86
	EndGlobalSection
	GlobalSection(SolutionProperties) = preSolution
		HideSolutionNode = FALSE
	EndGlobalSection
	GlobalSection(ExtensibilityGlobals) = postSolution
		SolutionGuid = {64C4EE73-1888-4BB3-8F52-CE6C45A4F6DE}
	EndGlobalSection
EndGlobal
